
Microsoft Visual Studio Solution File, Format Version 12.00
# Visual Studio Version 17
VisualStudioVersion = 17.3.32804.467
MinimumVisualStudioVersion = 10.0.40219.1
Project("{FAE04EC0-301F-11D3-BF4B-00C04F79EFBC}") = "capstone", "capstone\capstone.csproj", "{838E8540-7CFF-4B95-AF78-68781735A965}"
EndProject
Global
	GlobalSection(SolutionConfigurationPlatforms) = preSolution
		Debug|Any CPU = Debug|Any CPU
		Release|Any CPU = Release|Any CPU
	EndGlobalSection
	GlobalSection(ProjectConfigurationPlatforms) = postSolution
		{838E8540-7CFF-4B95-AF78-68781735A965}.Debug|Any CPU.ActiveCfg = Debug|Any CPU
		{838E8540-7CFF-4B95-AF78-68781735A965}.Debug|Any CPU.Build.0 = Debug|Any CPU
		{838E8540-7CFF-4B95-AF78-68781735A965}.Release|Any CPU.ActiveCfg = Release|Any CPU
		{838E8540-7CFF-4B95-AF78-68781735A965}.Release|Any CPU.Build.0 = Release|Any CPU
	EndGlobalSection
	GlobalSection(SolutionProperties) = preSolution
		HideSolutionNode = FALSE
	EndGlobalSection
	GlobalSection(ExtensibilityGlobals) = postSolution
		SolutionGuid = {33AA5077-010D-4063-B1DA-643F7F5274BA}
	EndGlobalSection
EndGlobal
